
Microsoft Visual Studio Solution File, Format Version 12.00
# Visual Studio Version 16
VisualStudioVersion = 16.0.31515.178
MinimumVisualStudioVersion = 10.0.40219.1
Project("{FAE04EC0-301F-11D3-BF4B-00C04F79EFBC}") = "IntellectWorkout", "IntellectWorkout\IntellectWorkout.csproj", "{D149A20A-4AA1-4566-8A93-6B5FE410E060}"
EndProject
Global
	GlobalSection(SolutionConfigurationPlatforms) = preSolution
		Debug|Any CPU = Debug|Any CPU
		Release|Any CPU = Release|Any CPU
	EndGlobalSection
	GlobalSection(ProjectConfigurationPlatforms) = postSolution
		{D149A20A-4AA1-4566-8A93-6B5FE410E060}.Debug|Any CPU.ActiveCfg = Debug|Any CPU
		{D149A20A-4AA1-4566-8A93-6B5FE410E060}.Debug|Any CPU.Build.0 = Debug|Any CPU
		{D149A20A-4AA1-4566-8A93-6B5FE410E060}.Release|Any CPU.ActiveCfg = Release|Any CPU
		{D149A20A-4AA1-4566-8A93-6B5FE410E060}.Release|Any CPU.Build.0 = Release|Any CPU
	EndGlobalSection
	GlobalSection(SolutionProperties) = preSolution
		HideSolutionNode = FALSE
	EndGlobalSection
	GlobalSection(ExtensibilityGlobals) = postSolution
		SolutionGuid = {47C9F8EF-AB2C-4ECA-AD2C-A7060BA58AFF}
	EndGlobalSection
EndGlobal
